
Microsoft Visual Studio Solution File, Format Version 12.00
Project("{FAE04EC0-301F-11D3-BF4B-00C04F79EFBC}") = "Pigeon.API", "Pigeon.API\Pigeon.API.csproj", "{6AAFFA92-1238-4671-92A0-54F607878C5D}"
EndProject
Global
	GlobalSection(SolutionConfigurationPlatforms) = preSolution
		Debug|Any CPU = Debug|Any CPU
		Release|Any CPU = Release|Any CPU
	EndGlobalSection
	GlobalSection(ProjectConfigurationPlatforms) = postSolution
		{6AAFFA92-1238-4671-92A0-54F607878C5D}.Debug|Any CPU.ActiveCfg = Debug|Any CPU
		{6AAFFA92-1238-4671-92A0-54F607878C5D}.Debug|Any CPU.Build.0 = Debug|Any CPU
		{6AAFFA92-1238-4671-92A0-54F607878C5D}.Release|Any CPU.ActiveCfg = Release|Any CPU
		{6AAFFA92-1238-4671-92A0-54F607878C5D}.Release|Any CPU.Build.0 = Release|Any CPU
	EndGlobalSection
EndGlobal
